{
  "name": "sudoku-engine",
  "version": "1.0.0",
  "lockfileVersion": 3,
  "requires": true,
  "packages": {
    "": {
      "name": "sudoku-engine",
      "version": "1.0.0",
      "license": "ISC",
      "dependencies": {
        "killer-sudoku-generator": "^1.1.2"
      }
    },
    "node_modules/killer-sudoku-generator": {
      "version": "1.1.2",
      "resolved": "https://registry.npmjs.org/killer-sudoku-generator/-/killer-sudoku-generator-1.1.2.tgz",
      "integrity": "sha512-X254q1DwhyLDizduFhBp/Wi/Ypo1go6QfCjpkYMQt3wzn+sEmb9ezN+e3xS+PswkkeXvS8zai9g4rTNVvQYKFA==",
      "dependencies": {
        "sudoku-gen": "^1.0.0"
      }
    },
    "node_modules/sudoku-gen": {
      "version": "1.0.2",
      "resolved": "https://registry.npmjs.org/sudoku-gen/-/sudoku-gen-1.0.2.tgz",
      "integrity": "sha512-zQFQNbar9qGpbteAH7CQShGoR5lk7r4KYlt0Wsvts1eVMzLb2EZUovzc7gAmoHp+HmXGYadmqCyyXoY7QVEyhA=="
    }
  }
}
